
Microsoft Visual Studio Solution File, Format Version 12.00
# Visual Studio Version 16
VisualStudioVersion = 16.0.28803.352
MinimumVisualStudioVersion = 10.0.40219.1
Project("{9A19103F-16F7-4668-BE54-9A1E7A4F7556}") = "JG.FinTechTest", "JG.FinTechTest\JG.FinTechTest.csproj", "{5530B385-768B-47F0-B54A-24527694BD51}"
EndProject
Project("{9A19103F-16F7-4668-BE54-9A1E7A4F7556}") = "JG.FinTechTest.UnitTests", "JG.FinTechTest.Tests\JG.FinTechTest.UnitTests.csproj", "{F3137C9F-9A42-455D-BEE9-B50207669E56}"
EndProject
Project("{9A19103F-16F7-4668-BE54-9A1E7A4F7556}") = "JG.FinTechTest.Domain", "JG.FinTechTest.Domain\JG.FinTechTest.Domain.csproj", "{FC70318C-2EE9-4E7C-A9B2-442AB772C515}"
EndProject
Project("{2150E333-8FDC-42A3-9474-1A3956D46DE8}") = "Tests", "Tests", "{795A4194-F876-4F5B-8263-214AC0B5A7D1}"
EndProject
Project("{9A19103F-16F7-4668-BE54-9A1E7A4F7556}") = "JG.FinTechTest.Domain.UnitTests", "JG.FinTechTest.Domain.UnitTests\JG.FinTechTest.Domain.UnitTests.csproj", "{3DF58D29-D372-44C9-835E-C3B0E09829C9}"
EndProject
Project("{9A19103F-16F7-4668-BE54-9A1E7A4F7556}") = "JG.Infrastructure", "JG.Infrastructure\JG.Infrastructure.csproj", "{7158A469-79DA-4180-8D04-179D532096CB}"
EndProject
Project("{FAE04EC0-301F-11D3-BF4B-00C04F79EFBC}") = "JG.Infrastructure.AspNetCore", "JG.Infrastructure.AspNetCore\JG.Infrastructure.AspNetCore.csproj", "{808C8394-E73F-4562-BCEA-77909E8438B2}"
EndProject
Project("{2150E333-8FDC-42A3-9474-1A3956D46DE8}") = "Infrastructure", "Infrastructure", "{3A5063EB-1C0E-432C-9ED0-5706D91F8353}"
EndProject
Global
	GlobalSection(SolutionConfigurationPlatforms) = preSolution
		Debug|Any CPU = Debug|Any CPU
		Release|Any CPU = Release|Any CPU
	EndGlobalSection
	GlobalSection(ProjectConfigurationPlatforms) = postSolution
		{5530B385-768B-47F0-B54A-24527694BD51}.Debug|Any CPU.ActiveCfg = Debug|Any CPU
		{5530B385-768B-47F0-B54A-24527694BD51}.Debug|Any CPU.Build.0 = Debug|Any CPU
		{5530B385-768B-47F0-B54A-24527694BD51}.Release|Any CPU.ActiveCfg = Release|Any CPU
		{5530B385-768B-47F0-B54A-24527694BD51}.Release|Any CPU.Build.0 = Release|Any CPU
		{F3137C9F-9A42-455D-BEE9-B50207669E56}.Debug|Any CPU.ActiveCfg = Debug|Any CPU
		{F3137C9F-9A42-455D-BEE9-B50207669E56}.Debug|Any CPU.Build.0 = Debug|Any CPU
		{F3137C9F-9A42-455D-BEE9-B50207669E56}.Release|Any CPU.ActiveCfg = Release|Any CPU
		{F3137C9F-9A42-455D-BEE9-B50207669E56}.Release|Any CPU.Build.0 = Release|Any CPU
		{FC70318C-2EE9-4E7C-A9B2-442AB772C515}.Debug|Any CPU.ActiveCfg = Debug|Any CPU
		{FC70318C-2EE9-4E7C-A9B2-442AB772C515}.Debug|Any CPU.Build.0 = Debug|Any CPU
		{FC70318C-2EE9-4E7C-A9B2-442AB772C515}.Release|Any CPU.ActiveCfg = Release|Any CPU
		{FC70318C-2EE9-4E7C-A9B2-442AB772C515}.Release|Any CPU.Build.0 = Release|Any CPU
		{3DF58D29-D372-44C9-835E-C3B0E09829C9}.Debug|Any CPU.ActiveCfg = Debug|Any CPU
		{3DF58D29-D372-44C9-835E-C3B0E09829C9}.Debug|Any CPU.Build.0 = Debug|Any CPU
		{3DF58D29-D372-44C9-835E-C3B0E09829C9}.Release|Any CPU.ActiveCfg = Release|Any CPU
		{3DF58D29-D372-44C9-835E-C3B0E09829C9}.Release|Any CPU.Build.0 = Release|Any CPU
		{7158A469-79DA-4180-8D04-179D532096CB}.Debug|Any CPU.ActiveCfg = Debug|Any CPU
		{7158A469-79DA-4180-8D04-179D532096CB}.Debug|Any CPU.Build.0 = Debug|Any CPU
		{7158A469-79DA-4180-8D04-179D532096CB}.Release|Any CPU.ActiveCfg = Release|Any CPU
		{7158A469-79DA-4180-8D04-179D532096CB}.Release|Any CPU.Build.0 = Release|Any CPU
		{808C8394-E73F-4562-BCEA-77909E8438B2}.Debug|Any CPU.ActiveCfg = Debug|Any CPU
		{808C8394-E73F-4562-BCEA-77909E8438B2}.Debug|Any CPU.Build.0 = Debug|Any CPU
		{808C8394-E73F-4562-BCEA-77909E8438B2}.Release|Any CPU.ActiveCfg = Release|Any CPU
		{808C8394-E73F-4562-BCEA-77909E8438B2}.Release|Any CPU.Build.0 = Release|Any CPU
	EndGlobalSection
	GlobalSection(SolutionProperties) = preSolution
		HideSolutionNode = FALSE
	EndGlobalSection
	GlobalSection(NestedProjects) = preSolution
		{F3137C9F-9A42-455D-BEE9-B50207669E56} = {795A4194-F876-4F5B-8263-214AC0B5A7D1}
		{3DF58D29-D372-44C9-835E-C3B0E09829C9} = {795A4194-F876-4F5B-8263-214AC0B5A7D1}
		{7158A469-79DA-4180-8D04-179D532096CB} = {3A5063EB-1C0E-432C-9ED0-5706D91F8353}
		{808C8394-E73F-4562-BCEA-77909E8438B2} = {3A5063EB-1C0E-432C-9ED0-5706D91F8353}
	EndGlobalSection
	GlobalSection(ExtensibilityGlobals) = postSolution
		SolutionGuid = {2B8E10C4-1C41-47E3-9985-5131F84E44CB}
	EndGlobalSection
EndGlobal
